// !$*UTF8*$!
{
	archiveVersion = 1;
	classes = {
	};
	objectVersion = 46;
	objects = {

/* Begin PBXBuildFile section */
		FD0C50FA1D57D6930097233B /* AppDelegate.swift in Sources */ = {isa = PBXBuildFile; fileRef = FD0C50F91D57D6930097233B /* AppDelegate.swift */; };
		FD0C51021D57D6930097233B /* otratablallamada.xcdatamodeld in Sources */ = {isa = PBXBuildFile; fileRef = FD0C51001D57D6930097233B /* otratablallamada.xcdatamodeld */; };
		FD0C51041D57D6930097233B /* Assets.xcassets in Resources */ = {isa = PBXBuildFile; fileRef = FD0C51031D57D6930097233B /* Assets.xcassets */; };
		FD0C510F1D57D7230097233B /* TVC.swift in Sources */ = {isa = PBXBuildFile; fileRef = FD0C510E1D57D7230097233B /* TVC.swift */; };
		FD0C51111D57E07C0097233B /* VCNew.swift in Sources */ = {isa = PBXBuildFile; fileRef = FD0C51101D57E07C0097233B /* VCNew.swift */; };
		FD0C51131D57E4020097233B /* VCData.swift in Sources */ = {isa = PBXBuildFile; fileRef = FD0C51121D57E4020097233B /* VCData.swift */; };
		FD0C51181D57F89E0097233B /* Main.storyboard in Resources */ = {isa = PBXBuildFile; fileRef = FD0C51161D57F89E0097233B /* Main.storyboard */; };
		FDC071DD1D611B7C00AD50E1 /* Reachability.swift in Sources */ = {isa = PBXBuildFile; fileRef = FDC071DC1D611B7C00AD50E1 /* Reachability.swift */; };
		FDC071DF1D611D1B00AD50E1 /* noCover.jpg in Resources */ = {isa = PBXBuildFile; fileRef = FDC071DE1D611D1B00AD50E1 /* noCover.jpg */; };
		FDC071E11D61470900AD50E1 /* Book.swift in Sources */ = {isa = PBXBuildFile; fileRef = FDC071E01D61470900AD50E1 /* Book.swift */; };
		FDC071E31D614A1700AD50E1 /* SampleData.swift in Sources */ = {isa = PBXBuildFile; fileRef = FDC071E21D614A1700AD50E1 /* SampleData.swift */; };
/* End PBXBuildFile section */

/* Begin PBXFileReference section */
		FD0C50F61D57D6930097233B /* otratablallamada.app */ = {isa = PBXFileReference; explicitFileType = wrapper.application; includeInIndex = 0; path = otratablallamada.app; sourceTree = BUILT_PRODUCTS_DIR; };
		FD0C50F91D57D6930097233B /* AppDelegate.swift */ = {isa = PBXFileReference; lastKnownFileType = sourcecode.swift; path = AppDelegate.swift; sourceTree = "<group>"; };
		FD0C51011D57D6930097233B /* otratablallamada.xcdatamodel */ = {isa = PBXFileReference; lastKnownFileType = wrapper.xcdatamodel; path = otratablallamada.xcdatamodel; sourceTree = "<group>"; };
		FD0C51031D57D6930097233B /* Assets.xcassets */ = {isa = PBXFileReference; lastKnownFileType = folder.assetcatalog; path = Assets.xcassets; sourceTree = "<group>"; };
		FD0C51081D57D6930097233B /* Info.plist */ = {isa = PBXFileReference; lastKnownFileType = text.plist.xml; path = Info.plist; sourceTree = "<group>"; };
		FD0C510E1D57D7230097233B /* TVC.swift */ = {isa = PBXFileReference; fileEncoding = 4; lastKnownFileType = sourcecode.swift; name = TVC.swift; path = ../TVC.swift; sourceTree = "<group>"; };
		FD0C51101D57E07C0097233B /* VCNew.swift */ = {isa = PBXFileReference; fileEncoding = 4; lastKnownFileType = sourcecode.swift; path = VCNew.swift; sourceTree = "<group>"; };
		FD0C51121D57E4020097233B /* VCData.swift */ = {isa = PBXFileReference; fileEncoding = 4; lastKnownFileType = sourcecode.swift; path = VCData.swift; sourceTree = "<group>"; };
		FD0C51171D57F89E0097233B /* Base */ = {isa = PBXFileReference; lastKnownFileType = file.storyboard; name = Base; path = Base.lproj/Main.storyboard; sourceTree = "<group>"; };
		FDC071DC1D611B7C00AD50E1 /* Reachability.swift */ = {isa = PBXFileReference; fileEncoding = 4; lastKnownFileType = sourcecode.swift; path = Reachability.swift; sourceTree = "<group>"; };
		FDC071DE1D611D1B00AD50E1 /* noCover.jpg */ = {isa = PBXFileReference; lastKnownFileType = image.jpeg; path = noCover.jpg; sourceTree = "<group>"; };
		FDC071E01D61470900AD50E1 /* Book.swift */ = {isa = PBXFileReference; fileEncoding = 4; lastKnownFileType = sourcecode.swift; path = Book.swift; sourceTree = "<group>"; };
		FDC071E21D614A1700AD50E1 /* SampleData.swift */ = {isa = PBXFileReference; fileEncoding = 4; lastKnownFileType = sourcecode.swift; path = SampleData.swift; sourceTree = "<group>"; };
/* End PBXFileReference section */

/* Begin PBXFrameworksBuildPhase section */
		FD0C50F31D57D6930097233B /* Frameworks */ = {
			isa = PBXFrameworksBuildPhase;
			buildActionMask = 2147483647;
			files = (
			);
			runOnlyForDeploymentPostprocessing = 0;
		};
/* End PBXFrameworksBuildPhase section */

/* Begin PBXGroup section */
		FD0C50ED1D57D6930097233B = {
			isa = PBXGroup;
			children = (
				FD0C50F81D57D6930097233B /* otratablallamada */,
				FD0C50F71D57D6930097233B /* Products */,
			);
			sourceTree = "<group>";
		};
		FD0C50F71D57D6930097233B /* Products */ = {
			isa = PBXGroup;
			children = (
				FD0C50F61D57D6930097233B /* otratablallamada.app */,
			);
			name = Products;
			sourceTree = "<group>";
		};
		FD0C50F81D57D6930097233B /* otratablallamada */ = {
			isa = PBXGroup;
			children = (
				FD0C50F91D57D6930097233B /* AppDelegate.swift */,
				FD0C510E1D57D7230097233B /* TVC.swift */,
				FD0C51101D57E07C0097233B /* VCNew.swift */,
				FD0C51121D57E4020097233B /* VCData.swift */,
				FDC071DC1D611B7C00AD50E1 /* Reachability.swift */,
				FD0C51161D57F89E0097233B /* Main.storyboard */,
				FDC071E01D61470900AD50E1 /* Book.swift */,
				FDC071E21D614A1700AD50E1 /* SampleData.swift */,
				FDC071DE1D611D1B00AD50E1 /* noCover.jpg */,
				FD0C51031D57D6930097233B /* Assets.xcassets */,
				FD0C51081D57D6930097233B /* Info.plist */,
				FD0C51001D57D6930097233B /* otratablallamada.xcdatamodeld */,
			);
			path = otratablallamada;
			sourceTree = "<group>";
		};
/* End PBXGroup section */

/* Begin PBXNativeTarget section */
		FD0C50F51D57D6930097233B /* otratablallamada */ = {
			isa = PBXNativeTarget;
			buildConfigurationList = FD0C510B1D57D6930097233B /* Build configuration list for PBXNativeTarget "otratablallamada" */;
			buildPhases = (
				FD0C50F21D57D6930097233B /* Sources */,
				FD0C50F31D57D6930097233B /* Frameworks */,
				FD0C50F41D57D6930097233B /* Resources */,
			);
			buildRules = (
			);
			dependencies = (
			);
			name = otratablallamada;
			productName = otratablallamada;
			productReference = FD0C50F61D57D6930097233B /* otratablallamada.app */;
			productType = "com.apple.product-type.application";
		};
/* End PBXNativeTarget section */

/* Begin PBXProject section */
		FD0C50EE1D57D6930097233B /* Project object */ = {
			isa = PBXProject;
			attributes = {
				LastSwiftUpdateCheck = 0730;
				LastUpgradeCheck = 0730;
				ORGANIZATIONNAME = "Marco Del Angel";
				TargetAttributes = {
					FD0C50F51D57D6930097233B = {
						CreatedOnToolsVersion = 7.3.1;
					};
				};
			};
			buildConfigurationList = FD0C50F11D57D6930097233B /* Build configuration list for PBXProject "otratablallamada" */;
			compatibilityVersion = "Xcode 3.2";
			developmentRegion = English;
			hasScannedForEncodings = 0;
			knownRegions = (
				en,
				Base,
			);
			mainGroup = FD0C50ED1D57D6930097233B;
			productRefGroup = FD0C50F71D57D6930097233B /* Products */;
			projectDirPath = "";
			projectRoot = "";
			targets = (
				FD0C50F51D57D6930097233B /* otratablallamada */,
			);
		};
/* End PBXProject section */

/* Begin PBXResourcesBuildPhase section */
		FD0C50F41D57D6930097233B /* Resources */ = {
			isa = PBXResourcesBuildPhase;
			buildActionMask = 2147483647;
			files = (
				FD0C51041D57D6930097233B /* Assets.xcassets in Resources */,
				FD0C51181D57F89E0097233B /* Main.storyboard in Resources */,
				FDC071DF1D611D1B00AD50E1 /* noCover.jpg in Resources */,
			);
			runOnlyForDeploymentPostprocessing = 0;
		};
/* End PBXResourcesBuildPhase section */

/* Begin PBXSourcesBuildPhase section */
		FD0C50F21D57D6930097233B /* Sources */ = {
			isa = PBXSourcesBuildPhase;
			buildActionMask = 2147483647;
			files = (
				FD0C51021D57D6930097233B /* otratablallamada.xcdatamodeld in Sources */,
				FD0C51131D57E4020097233B /* VCData.swift in Sources */,
				FDC071E11D61470900AD50E1 /* Book.swift in Sources */,
				FDC071DD1D611B7C00AD50E1 /* Reachability.swift in Sources */,
				FD0C51111D57E07C0097233B /* VCNew.swift in Sources */,
				FD0C510F1D57D7230097233B /* TVC.swift in Sources */,
				FD0C50FA1D57D6930097233B /* AppDelegate.swift in Sources */,
				FDC071E31D614A1700AD50E1 /* SampleData.swift in Sources */,
			);
			runOnlyForDeploymentPostprocessing = 0;
		};
/* End PBXSourcesBuildPhase section */

/* Begin PBXVariantGroup section */
		FD0C51161D57F89E0097233B /* Main.storyboard */ = {
			isa = PBXVariantGroup;
			children = (
				FD0C51171D57F89E0097233B /* Base */,
			);
			name = Main.storyboard;
			sourceTree = "<group>";
		};
/* End PBXVariantGroup section */

/* Begin XCBuildConfiguration section */
		FD0C51091D57D6930097233B /* Debug */ = {
			isa = XCBuildConfiguration;
			buildSettings = {
				ALWAYS_SEARCH_USER_PATHS = NO;
				CLANG_ANALYZER_NONNULL = YES;
				CLANG_CXX_LANGUAGE_STANDARD = "gnu++0x";
				CLANG_CXX_LIBRARY = "libc++";
				CLANG_ENABLE_MODULES = YES;
				CLANG_ENABLE_OBJC_ARC = YES;
				CLANG_WARN_BOOL_CONVERSION = YES;
				CLANG_WARN_CONSTANT_CONVERSION = YES;
				CLANG_WARN_DIRECT_OBJC_ISA_USAGE = YES_ERROR;
				CLANG_WARN_EMPTY_BODY = YES;
				CLANG_WARN_ENUM_CONVERSION = YES;
				CLANG_WARN_INT_CONVERSION = YES;
				CLANG_WARN_OBJC_ROOT_CLASS = YES_ERROR;
				CLANG_WARN_UNREACHABLE_CODE = YES;
				CLANG_WARN__DUPLICATE_METHOD_MATCH = YES;
				"CODE_SIGN_IDENTITY[sdk=iphoneos*]" = "iPhone Developer";
				COPY_PHASE_STRIP = NO;
				DEBUG_INFORMATION_FORMAT = dwarf;
				ENABLE_STRICT_OBJC_MSGSEND = YES;
				ENABLE_TESTABILITY = YES;
				GCC_C_LANGUAGE_STANDARD = gnu99;
				GCC_DYNAMIC_NO_PIC = NO;
				GCC_NO_COMMON_BLOCKS = YES;
				GCC_OPTIMIZATION_LEVEL = 0;
				GCC_PREPROCESSOR_DEFINITIONS = (
					"DEBUG=1",
					"$(inherited)",
				);
				GCC_WARN_64_TO_32_BIT_CONVERSION = YES;
				GCC_WARN_ABOUT_RETURN_TYPE = YES_ERROR;
				GCC_WARN_UNDECLARED_SELECTOR = YES;
				GCC_WARN_UNINITIALIZED_AUTOS = YES_AGGRESSIVE;
				GCC_WARN_UNUSED_FUNCTION = YES;
				GCC_WARN_UNUSED_VARIABLE = YES;
				IPHONEOS_DEPLOYMENT_TARGET = 9.3;
				MTL_ENABLE_DEBUG_INFO = YES;
				ONLY_ACTIVE_ARCH = YES;
				SDKROOT = iphoneos;
				SWIFT_OPTIMIZATION_LEVEL = "-Onone";
			};
			name = Debug;
		};
		FD0C510A1D57D6930097233B /* Release */ = {
			isa = XCBuildConfiguration;
			buildSettings = {
				ALWAYS_SEARCH_USER_PATHS = NO;
				CLANG_ANALYZER_NONNULL = YES;
				CLANG_CXX_LANGUAGE_STANDARD = "gnu++0x";
				CLANG_CXX_LIBRARY = "libc++";
				CLANG_ENABLE_MODULES = YES;
				CLANG_ENABLE_OBJC_ARC = YES;
				CLANG_WARN_BOOL_CONVERSION = YES;
				CLANG_WARN_CONSTANT_CONVERSION = YES;
				CLANG_WARN_DIRECT_OBJC_ISA_USAGE = YES_ERROR;
				CLANG_WARN_EMPTY_BODY = YES;
				CLANG_WARN_ENUM_CONVERSION = YES;
				CLANG_WARN_INT_CONVERSION = YES;
				CLANG_WARN_OBJC_ROOT_CLASS = YES_ERROR;
				CLANG_WARN_UNREACHABLE_CODE = YES;
				CLANG_WARN__DUPLICATE_METHOD_MATCH = YES;
				"CODE_SIGN_IDENTITY[sdk=iphoneos*]" = "iPhone Developer";
				COPY_PHASE_STRIP = NO;
				DEBUG_INFORMATION_FORMAT = "dwarf-with-dsym";
				ENABLE_NS_ASSERTIONS = NO;
				ENABLE_STRICT_OBJC_MSGSEND = YES;
				GCC_C_LANGUAGE_STANDARD = gnu99;
				GCC_NO_COMMON_BLOCKS = YES;
				GCC_WARN_64_TO_32_BIT_CONVERSION = YES;
				GCC_WARN_ABOUT_RETURN_TYPE = YES_ERROR;
				GCC_WARN_UNDECLARED_SELECTOR = YES;
				GCC_WARN_UNINITIALIZED_AUTOS = YES_AGGRESSIVE;
				GCC_WARN_UNUSED_FUNCTION = YES;
				GCC_WARN_UNUSED_VARIABLE = YES;
				IPHONEOS_DEPLOYMENT_TARGET = 9.3;
				MTL_ENABLE_DEBUG_INFO = NO;
				SDKROOT = iphoneos;
				VALIDATE_PRODUCT = YES;
			};
			name = Release;
		};
		FD0C510C1D57D6930097233B /* Debug */ = {
			isa = XCBuildConfiguration;
			buildSettings = {
				ASSETCATALOG_COMPILER_APPICON_NAME = AppIcon;
				INFOPLIST_FILE = otratablallamada/Info.plist;
				LD_RUNPATH_SEARCH_PATHS = "$(inherited) @executable_path/Frameworks";
				PRODUCT_BUNDLE_IDENTIFIER = DPP.otratablallamada;
				PRODUCT_NAME = "$(TARGET_NAME)";
			};
			name = Debug;
		};
		FD0C510D1D57D6930097233B /* Release */ = {
			isa = XCBuildConfiguration;
			buildSettings = {
				ASSETCATALOG_COMPILER_APPICON_NAME = AppIcon;
				INFOPLIST_FILE = otratablallamada/Info.plist;
				LD_RUNPATH_SEARCH_PATHS = "$(inherited) @executable_path/Frameworks";
				PRODUCT_BUNDLE_IDENTIFIER = DPP.otratablallamada;
				PRODUCT_NAME = "$(TARGET_NAME)";
			};
			name = Release;
		};
/* End XCBuildConfiguration section */

/* Begin XCConfigurationList section */
		FD0C50F11D57D6930097233B /* Build configuration list for PBXProject "otratablallamada" */ = {
			isa = XCConfigurationList;
			buildConfigurations = (
				FD0C51091D57D6930097233B /* Debug */,
				FD0C510A1D57D6930097233B /* Release */,
			);
			defaultConfigurationIsVisible = 0;
			defaultConfigurationName = Release;
		};
		FD0C510B1D57D6930097233B /* Build configuration list for PBXNativeTarget "otratablallamada" */ = {
			isa = XCConfigurationList;
			buildConfigurations = (
				FD0C510C1D57D6930097233B /* Debug */,
				FD0C510D1D57D6930097233B /* Release */,
			);
			defaultConfigurationIsVisible = 0;
			defaultConfigurationName = Release;
		};
/* End XCConfigurationList section */

/* Begin XCVersionGroup section */
		FD0C51001D57D6930097233B /* otratablallamada.xcdatamodeld */ = {
			isa = XCVersionGroup;
			children = (
				FD0C51011D57D6930097233B /* otratablallamada.xcdatamodel */,
			);
			currentVersion = FD0C51011D57D6930097233B /* otratablallamada.xcdatamodel */;
			path = otratablallamada.xcdatamodeld;
			sourceTree = "<group>";
			versionGroupType = wrapper.xcdatamodel;
		};
/* End XCVersionGroup section */
	};
	rootObject = FD0C50EE1D57D6930097233B /* Project object */;
}
